
Microsoft Visual Studio Solution File, Format Version 12.00
# Visual Studio Version 17
VisualStudioVersion = 17.3.32929.385
MinimumVisualStudioVersion = 10.0.40219.1
Project("{8BC9CEB8-8B4A-11D0-8D11-00A0C91BC942}") = "math functions", "math functions\math functions.vcxproj", "{A92F0D24-4EF0-408C-8CBA-C63CF4B9BC4B}"
EndProject
Global
	GlobalSection(SolutionConfigurationPlatforms) = preSolution
		Debug|x64 = Debug|x64
		Debug|x86 = Debug|x86
		Release|x64 = Release|x64
		Release|x86 = Release|x86
	EndGlobalSection
	GlobalSection(ProjectConfigurationPlatforms) = postSolution
		{A92F0D24-4EF0-408C-8CBA-C63CF4B9BC4B}.Debug|x64.ActiveCfg = Debug|x64
		{A92F0D24-4EF0-408C-8CBA-C63CF4B9BC4B}.Debug|x64.Build.0 = Debug|x64
		{A92F0D24-4EF0-408C-8CBA-C63CF4B9BC4B}.Debug|x86.ActiveCfg = Debug|Win32
		{A92F0D24-4EF0-408C-8CBA-C63CF4B9BC4B}.Debug|x86.Build.0 = Debug|Win32
		{A92F0D24-4EF0-408C-8CBA-C63CF4B9BC4B}.Release|x64.ActiveCfg = Release|x64
		{A92F0D24-4EF0-408C-8CBA-C63CF4B9BC4B}.Release|x64.Build.0 = Release|x64
		{A92F0D24-4EF0-408C-8CBA-C63CF4B9BC4B}.Release|x86.ActiveCfg = Release|Win32
		{A92F0D24-4EF0-408C-8CBA-C63CF4B9BC4B}.Release|x86.Build.0 = Release|Win32
	EndGlobalSection
	GlobalSection(SolutionProperties) = preSolution
		HideSolutionNode = FALSE
	EndGlobalSection
	GlobalSection(ExtensibilityGlobals) = postSolution
		SolutionGuid = {3ACD87C5-0FF7-4AB1-9103-B20F699AEA77}
	EndGlobalSection
EndGlobal
